
Microsoft Visual Studio Solution File, Format Version 12.00
# Visual Studio Version 17
VisualStudioVersion = 17.0.31919.166
MinimumVisualStudioVersion = 10.0.40219.1
Project("{9A19103F-16F7-4668-BE54-9A1E7A4F7556}") = "TrilliumI", "TrilliumI\TrilliumI.csproj", "{EAC9F263-491B-4AC0-B6FC-E71F9D7BCC8F}"
EndProject
Project("{9A19103F-16F7-4668-BE54-9A1E7A4F7556}") = "Trillium", "Trillium\Trillium.csproj", "{0CBB694F-57AB-4153-A223-2BE8FBA7808A}"
EndProject
Project("{9A19103F-16F7-4668-BE54-9A1E7A4F7556}") = "Trillium.Test", "Trillium.Test\Trillium.Test.csproj", "{F5216AE2-9599-4064-975A-6DF70679E41D}"
EndProject
Project("{FAE04EC0-301F-11D3-BF4B-00C04F79EFBC}") = "TrilliumC", "TrilliumC\TrilliumC.csproj", "{D652682E-2108-451E-A42F-F94AEAF6305D}"
EndProject
Global
	GlobalSection(SolutionConfigurationPlatforms) = preSolution
		Debug|Any CPU = Debug|Any CPU
		Release|Any CPU = Release|Any CPU
	EndGlobalSection
	GlobalSection(ProjectConfigurationPlatforms) = postSolution
		{EAC9F263-491B-4AC0-B6FC-E71F9D7BCC8F}.Debug|Any CPU.ActiveCfg = Debug|Any CPU
		{EAC9F263-491B-4AC0-B6FC-E71F9D7BCC8F}.Debug|Any CPU.Build.0 = Debug|Any CPU
		{EAC9F263-491B-4AC0-B6FC-E71F9D7BCC8F}.Release|Any CPU.ActiveCfg = Release|Any CPU
		{EAC9F263-491B-4AC0-B6FC-E71F9D7BCC8F}.Release|Any CPU.Build.0 = Release|Any CPU
		{0CBB694F-57AB-4153-A223-2BE8FBA7808A}.Debug|Any CPU.ActiveCfg = Debug|Any CPU
		{0CBB694F-57AB-4153-A223-2BE8FBA7808A}.Debug|Any CPU.Build.0 = Debug|Any CPU
		{0CBB694F-57AB-4153-A223-2BE8FBA7808A}.Release|Any CPU.ActiveCfg = Release|Any CPU
		{0CBB694F-57AB-4153-A223-2BE8FBA7808A}.Release|Any CPU.Build.0 = Release|Any CPU
		{F5216AE2-9599-4064-975A-6DF70679E41D}.Debug|Any CPU.ActiveCfg = Debug|Any CPU
		{F5216AE2-9599-4064-975A-6DF70679E41D}.Debug|Any CPU.Build.0 = Debug|Any CPU
		{F5216AE2-9599-4064-975A-6DF70679E41D}.Release|Any CPU.ActiveCfg = Release|Any CPU
		{F5216AE2-9599-4064-975A-6DF70679E41D}.Release|Any CPU.Build.0 = Release|Any CPU
		{D652682E-2108-451E-A42F-F94AEAF6305D}.Debug|Any CPU.ActiveCfg = Debug|Any CPU
		{D652682E-2108-451E-A42F-F94AEAF6305D}.Debug|Any CPU.Build.0 = Debug|Any CPU
		{D652682E-2108-451E-A42F-F94AEAF6305D}.Release|Any CPU.ActiveCfg = Release|Any CPU
		{D652682E-2108-451E-A42F-F94AEAF6305D}.Release|Any CPU.Build.0 = Release|Any CPU
	EndGlobalSection
	GlobalSection(SolutionProperties) = preSolution
		HideSolutionNode = FALSE
	EndGlobalSection
	GlobalSection(ExtensibilityGlobals) = postSolution
		SolutionGuid = {8E667E47-5536-4E8B-B281-C819A07480C6}
	EndGlobalSection
EndGlobal
